<?xml version="1.0" encoding="utf-8"?>
<Project ToolsVersion="17.0" xmlns="http://schemas.microsoft.com/developer/msbuild/2003">
  <ItemGroup>
    <ClCompile Include="C:\Users\kypri\source\repos\proglab1-23-24\Res2\lab2.var7.cpp">
      <Filter>Source Files</Filter>
    </ClCompile>
  </ItemGroup>
  <ItemGroup>
    <CustomBuild Include="C:\Users\kypri\source\repos\proglab1-23-24\Res2\CMakeLists.txt" />
  </ItemGroup>
  <ItemGroup>
    <Filter Include="Source Files">
      <UniqueIdentifier>{A148CAB3-321A-36E4-A7F9-5E577838722D}</UniqueIdentifier>
    </Filter>
  </ItemGroup>
</Project>
